
Microsoft Visual Studio Solution File, Format Version 12.00
# Visual Studio Version 16
VisualStudioVersion = 16.0.29519.87
MinimumVisualStudioVersion = 10.0.40219.1
Project("{FAE04EC0-301F-11D3-BF4B-00C04F79EFBC}") = "Insureon", "Insureon\Insureon.csproj", "{B9B267FA-8DD5-41BD-8B2F-328E032A5ADD}"
EndProject
Project("{FAE04EC0-301F-11D3-BF4B-00C04F79EFBC}") = "Framework", "Framework\Framework.csproj", "{3920F8FD-7AF6-4CFC-81D6-DFF9F5A0A6B9}"
EndProject
Project("{FAE04EC0-301F-11D3-BF4B-00C04F79EFBC}") = "Insureon.Tests", "Insureon.Tests\Insureon.Tests.csproj", "{6D8F067B-AA8D-431B-B8C4-1570DE931C7C}"
EndProject
Global
	GlobalSection(SolutionConfigurationPlatforms) = preSolution
		Debug|Any CPU = Debug|Any CPU
		Release|Any CPU = Release|Any CPU
	EndGlobalSection
	GlobalSection(ProjectConfigurationPlatforms) = postSolution
		{B9B267FA-8DD5-41BD-8B2F-328E032A5ADD}.Debug|Any CPU.ActiveCfg = Debug|Any CPU
		{B9B267FA-8DD5-41BD-8B2F-328E032A5ADD}.Debug|Any CPU.Build.0 = Debug|Any CPU
		{B9B267FA-8DD5-41BD-8B2F-328E032A5ADD}.Release|Any CPU.ActiveCfg = Release|Any CPU
		{B9B267FA-8DD5-41BD-8B2F-328E032A5ADD}.Release|Any CPU.Build.0 = Release|Any CPU
		{3920F8FD-7AF6-4CFC-81D6-DFF9F5A0A6B9}.Debug|Any CPU.ActiveCfg = Debug|Any CPU
		{3920F8FD-7AF6-4CFC-81D6-DFF9F5A0A6B9}.Debug|Any CPU.Build.0 = Debug|Any CPU
		{3920F8FD-7AF6-4CFC-81D6-DFF9F5A0A6B9}.Release|Any CPU.ActiveCfg = Release|Any CPU
		{3920F8FD-7AF6-4CFC-81D6-DFF9F5A0A6B9}.Release|Any CPU.Build.0 = Release|Any CPU
		{6D8F067B-AA8D-431B-B8C4-1570DE931C7C}.Debug|Any CPU.ActiveCfg = Debug|Any CPU
		{6D8F067B-AA8D-431B-B8C4-1570DE931C7C}.Debug|Any CPU.Build.0 = Debug|Any CPU
		{6D8F067B-AA8D-431B-B8C4-1570DE931C7C}.Release|Any CPU.ActiveCfg = Release|Any CPU
		{6D8F067B-AA8D-431B-B8C4-1570DE931C7C}.Release|Any CPU.Build.0 = Release|Any CPU
	EndGlobalSection
	GlobalSection(SolutionProperties) = preSolution
		HideSolutionNode = FALSE
	EndGlobalSection
	GlobalSection(ExtensibilityGlobals) = postSolution
		SolutionGuid = {86374530-0D54-40B7-8915-2D199D6C5B29}
	EndGlobalSection
EndGlobal
